// !$*UTF8*$!
{
	archiveVersion = 1;
	classes = {
	};
	objectVersion = 46;
	objects = {

/* Begin PBXBuildFile section */
		403C388D196E791600D94BC4 /* Foundation.framework in Frameworks */ = {isa = PBXBuildFile; fileRef = 403C388C196E791600D94BC4 /* Foundation.framework */; };
		403C388F196E791600D94BC4 /* CoreGraphics.framework in Frameworks */ = {isa = PBXBuildFile; fileRef = 403C388E196E791600D94BC4 /* CoreGraphics.framework */; };
		403C3891196E791600D94BC4 /* UIKit.framework in Frameworks */ = {isa = PBXBuildFile; fileRef = 403C3890196E791600D94BC4 /* UIKit.framework */; };
		403C3897196E791600D94BC4 /* InfoPlist.strings in Resources */ = {isa = PBXBuildFile; fileRef = 403C3895196E791600D94BC4 /* InfoPlist.strings */; };
		403C3899196E791600D94BC4 /* main.m in Sources */ = {isa = PBXBuildFile; fileRef = 403C3898196E791600D94BC4 /* main.m */; };
		403C389D196E791600D94BC4 /* joshoyAppDelegate.m in Sources */ = {isa = PBXBuildFile; fileRef = 403C389C196E791600D94BC4 /* joshoyAppDelegate.m */; };
		403C38A0196E791600D94BC4 /* Main.storyboard in Resources */ = {isa = PBXBuildFile; fileRef = 403C389E196E791600D94BC4 /* Main.storyboard */; };
		403C38A8196E791600D94BC4 /* Images.xcassets in Resources */ = {isa = PBXBuildFile; fileRef = 403C38A7196E791600D94BC4 /* Images.xcassets */; };
		403C38AF196E791600D94BC4 /* XCTest.framework in Frameworks */ = {isa = PBXBuildFile; fileRef = 403C38AE196E791600D94BC4 /* XCTest.framework */; };
		403C38B0196E791600D94BC4 /* Foundation.framework in Frameworks */ = {isa = PBXBuildFile; fileRef = 403C388C196E791600D94BC4 /* Foundation.framework */; };
		403C38B1196E791600D94BC4 /* UIKit.framework in Frameworks */ = {isa = PBXBuildFile; fileRef = 403C3890196E791600D94BC4 /* UIKit.framework */; };
		403C38B9196E791600D94BC4 /* InfoPlist.strings in Resources */ = {isa = PBXBuildFile; fileRef = 403C38B7196E791600D94BC4 /* InfoPlist.strings */; };
		403C38BB196E791600D94BC4 /* DeviceManagementSystemJoshOYTests.m in Sources */ = {isa = PBXBuildFile; fileRef = 403C38BA196E791600D94BC4 /* DeviceManagementSystemJoshOYTests.m */; };
		403C38DD196F79F100D94BC4 /* joshoyDevicesTableViewController.m in Sources */ = {isa = PBXBuildFile; fileRef = 403C38DC196F79F100D94BC4 /* joshoyDevicesTableViewController.m */; };
		403C38E0196F7A2A00D94BC4 /* joshoyDeviceRecordViewController.m in Sources */ = {isa = PBXBuildFile; fileRef = 403C38DF196F7A2A00D94BC4 /* joshoyDeviceRecordViewController.m */; };
		403C38EA196F83BE00D94BC4 /* joshoyDeviceDetailViewController.m in Sources */ = {isa = PBXBuildFile; fileRef = 403C38E9196F83BE00D94BC4 /* joshoyDeviceDetailViewController.m */; };
		403C38F1196F878700D94BC4 /* joshoyDeviceTableViewCell.m in Sources */ = {isa = PBXBuildFile; fileRef = 403C38F0196F878700D94BC4 /* joshoyDeviceTableViewCell.m */; };
/* End PBXBuildFile section */

/* Begin PBXContainerItemProxy section */
		403C38B2196E791600D94BC4 /* PBXContainerItemProxy */ = {
			isa = PBXContainerItemProxy;
			containerPortal = 403C3881196E791600D94BC4 /* Project object */;
			proxyType = 1;
			remoteGlobalIDString = 403C3888196E791600D94BC4;
			remoteInfo = DeviceManagementSystemJoshOY;
		};
/* End PBXContainerItemProxy section */

/* Begin PBXFileReference section */
		403C3889196E791600D94BC4 /* DeviceManagementSystemJoshOY.app */ = {isa = PBXFileReference; explicitFileType = wrapper.application; includeInIndex = 0; path = DeviceManagementSystemJoshOY.app; sourceTree = BUILT_PRODUCTS_DIR; };
		403C388C196E791600D94BC4 /* Foundation.framework */ = {isa = PBXFileReference; lastKnownFileType = wrapper.framework; name = Foundation.framework; path = System/Library/Frameworks/Foundation.framework; sourceTree = SDKROOT; };
		403C388E196E791600D94BC4 /* CoreGraphics.framework */ = {isa = PBXFileReference; lastKnownFileType = wrapper.framework; name = CoreGraphics.framework; path = System/Library/Frameworks/CoreGraphics.framework; sourceTree = SDKROOT; };
		403C3890196E791600D94BC4 /* UIKit.framework */ = {isa = PBXFileReference; lastKnownFileType = wrapper.framework; name = UIKit.framework; path = System/Library/Frameworks/UIKit.framework; sourceTree = SDKROOT; };
		403C3894196E791600D94BC4 /* DeviceManagementSystemJoshOY-Info.plist */ = {isa = PBXFileReference; lastKnownFileType = text.plist.xml; path = "DeviceManagementSystemJoshOY-Info.plist"; sourceTree = "<group>"; };
		403C3896196E791600D94BC4 /* en */ = {isa = PBXFileReference; lastKnownFileType = text.plist.strings; name = en; path = en.lproj/InfoPlist.strings; sourceTree = "<group>"; };
		403C3898196E791600D94BC4 /* main.m */ = {isa = PBXFileReference; lastKnownFileType = sourcecode.c.objc; path = main.m; sourceTree = "<group>"; };
		403C389A196E791600D94BC4 /* DeviceManagementSystemJoshOY-Prefix.pch */ = {isa = PBXFileReference; lastKnownFileType = sourcecode.c.h; path = "DeviceManagementSystemJoshOY-Prefix.pch"; sourceTree = "<group>"; };
		403C389B196E791600D94BC4 /* joshoyAppDelegate.h */ = {isa = PBXFileReference; lastKnownFileType = sourcecode.c.h; path = joshoyAppDelegate.h; sourceTree = "<group>"; };
		403C389C196E791600D94BC4 /* joshoyAppDelegate.m */ = {isa = PBXFileReference; lastKnownFileType = sourcecode.c.objc; path = joshoyAppDelegate.m; sourceTree = "<group>"; };
		403C389F196E791600D94BC4 /* Base */ = {isa = PBXFileReference; lastKnownFileType = file.storyboard; name = Base; path = Base.lproj/Main.storyboard; sourceTree = "<group>"; };
		403C38A7196E791600D94BC4 /* Images.xcassets */ = {isa = PBXFileReference; lastKnownFileType = folder.assetcatalog; path = Images.xcassets; sourceTree = "<group>"; };
		403C38AD196E791600D94BC4 /* DeviceManagementSystemJoshOYTests.xctest */ = {isa = PBXFileReference; explicitFileType = wrapper.cfbundle; includeInIndex = 0; path = DeviceManagementSystemJoshOYTests.xctest; sourceTree = BUILT_PRODUCTS_DIR; };
		403C38AE196E791600D94BC4 /* XCTest.framework */ = {isa = PBXFileReference; lastKnownFileType = wrapper.framework; name = XCTest.framework; path = Library/Frameworks/XCTest.framework; sourceTree = DEVELOPER_DIR; };
		403C38B6196E791600D94BC4 /* DeviceManagementSystemJoshOYTests-Info.plist */ = {isa = PBXFileReference; lastKnownFileType = text.plist.xml; path = "DeviceManagementSystemJoshOYTests-Info.plist"; sourceTree = "<group>"; };
		403C38B8196E791600D94BC4 /* en */ = {isa = PBXFileReference; lastKnownFileType = text.plist.strings; name = en; path = en.lproj/InfoPlist.strings; sourceTree = "<group>"; };
		403C38BA196E791600D94BC4 /* DeviceManagementSystemJoshOYTests.m */ = {isa = PBXFileReference; lastKnownFileType = sourcecode.c.objc; path = DeviceManagementSystemJoshOYTests.m; sourceTree = "<group>"; };
		403C38DB196F79F100D94BC4 /* joshoyDevicesTableViewController.h */ = {isa = PBXFileReference; fileEncoding = 4; lastKnownFileType = sourcecode.c.h; path = joshoyDevicesTableViewController.h; sourceTree = "<group>"; };
		403C38DC196F79F100D94BC4 /* joshoyDevicesTableViewController.m */ = {isa = PBXFileReference; fileEncoding = 4; lastKnownFileType = sourcecode.c.objc; path = joshoyDevicesTableViewController.m; sourceTree = "<group>"; };
		403C38DE196F7A2A00D94BC4 /* joshoyDeviceRecordViewController.h */ = {isa = PBXFileReference; fileEncoding = 4; lastKnownFileType = sourcecode.c.h; path = joshoyDeviceRecordViewController.h; sourceTree = "<group>"; };
		403C38DF196F7A2A00D94BC4 /* joshoyDeviceRecordViewController.m */ = {isa = PBXFileReference; fileEncoding = 4; lastKnownFileType = sourcecode.c.objc; path = joshoyDeviceRecordViewController.m; sourceTree = "<group>"; };
		403C38E9196F83BE00D94BC4 /* joshoyDeviceDetailViewController.m */ = {isa = PBXFileReference; fileEncoding = 4; lastKnownFileType = sourcecode.c.objc; path = joshoyDeviceDetailViewController.m; sourceTree = "<group>"; };
		403C38EB196F851500D94BC4 /* joshoyDeviceDetailViewController.h */ = {isa = PBXFileReference; fileEncoding = 4; lastKnownFileType = sourcecode.c.h; path = joshoyDeviceDetailViewController.h; sourceTree = "<group>"; };
		403C38EF196F878700D94BC4 /* joshoyDeviceTableViewCell.h */ = {isa = PBXFileReference; fileEncoding = 4; lastKnownFileType = sourcecode.c.h; path = joshoyDeviceTableViewCell.h; sourceTree = "<group>"; };
		403C38F0196F878700D94BC4 /* joshoyDeviceTableViewCell.m */ = {isa = PBXFileReference; fileEncoding = 4; lastKnownFileType = sourcecode.c.objc; path = joshoyDeviceTableViewCell.m; sourceTree = "<group>"; };
/* End PBXFileReference section */

/* Begin PBXFrameworksBuildPhase section */
		403C3886196E791600D94BC4 /* Frameworks */ = {
			isa = PBXFrameworksBuildPhase;
			buildActionMask = 2147483647;
			files = (
				403C388F196E791600D94BC4 /* CoreGraphics.framework in Frameworks */,
				403C3891196E791600D94BC4 /* UIKit.framework in Frameworks */,
				403C388D196E791600D94BC4 /* Foundation.framework in Frameworks */,
			);
			runOnlyForDeploymentPostprocessing = 0;
		};
		403C38AA196E791600D94BC4 /* Frameworks */ = {
			isa = PBXFrameworksBuildPhase;
			buildActionMask = 2147483647;
			files = (
				403C38AF196E791600D94BC4 /* XCTest.framework in Frameworks */,
				403C38B1196E791600D94BC4 /* UIKit.framework in Frameworks */,
				403C38B0196E791600D94BC4 /* Foundation.framework in Frameworks */,
			);
			runOnlyForDeploymentPostprocessing = 0;
		};
/* End PBXFrameworksBuildPhase section */

/* Begin PBXGroup section */
		403C3880196E791600D94BC4 = {
			isa = PBXGroup;
			children = (
				403C3892196E791600D94BC4 /* DeviceManagementSystemJoshOY */,
				403C38B4196E791600D94BC4 /* DeviceManagementSystemJoshOYTests */,
				403C388B196E791600D94BC4 /* Frameworks */,
				403C388A196E791600D94BC4 /* Products */,
			);
			sourceTree = "<group>";
		};
		403C388A196E791600D94BC4 /* Products */ = {
			isa = PBXGroup;
			children = (
				403C3889196E791600D94BC4 /* DeviceManagementSystemJoshOY.app */,
				403C38AD196E791600D94BC4 /* DeviceManagementSystemJoshOYTests.xctest */,
			);
			name = Products;
			sourceTree = "<group>";
		};
		403C388B196E791600D94BC4 /* Frameworks */ = {
			isa = PBXGroup;
			children = (
				403C388C196E791600D94BC4 /* Foundation.framework */,
				403C388E196E791600D94BC4 /* CoreGraphics.framework */,
				403C3890196E791600D94BC4 /* UIKit.framework */,
				403C38AE196E791600D94BC4 /* XCTest.framework */,
			);
			name = Frameworks;
			sourceTree = "<group>";
		};
		403C3892196E791600D94BC4 /* DeviceManagementSystemJoshOY */ = {
			isa = PBXGroup;
			children = (
				403C38C5196E863A00D94BC4 /* View */,
				403C38C4196E862600D94BC4 /* ViewController */,
				403C389B196E791600D94BC4 /* joshoyAppDelegate.h */,
				403C389C196E791600D94BC4 /* joshoyAppDelegate.m */,
				403C389E196E791600D94BC4 /* Main.storyboard */,
				403C38A7196E791600D94BC4 /* Images.xcassets */,
				403C3893196E791600D94BC4 /* Supporting Files */,
			);
			path = DeviceManagementSystemJoshOY;
			sourceTree = "<group>";
		};
		403C3893196E791600D94BC4 /* Supporting Files */ = {
			isa = PBXGroup;
			children = (
				403C3894196E791600D94BC4 /* DeviceManagementSystemJoshOY-Info.plist */,
				403C3895196E791600D94BC4 /* InfoPlist.strings */,
				403C3898196E791600D94BC4 /* main.m */,
				403C389A196E791600D94BC4 /* DeviceManagementSystemJoshOY-Prefix.pch */,
			);
			name = "Supporting Files";
			sourceTree = "<group>";
		};
		403C38B4196E791600D94BC4 /* DeviceManagementSystemJoshOYTests */ = {
			isa = PBXGroup;
			children = (
				403C38BA196E791600D94BC4 /* DeviceManagementSystemJoshOYTests.m */,
				403C38B5196E791600D94BC4 /* Supporting Files */,
			);
			path = DeviceManagementSystemJoshOYTests;
			sourceTree = "<group>";
		};
		403C38B5196E791600D94BC4 /* Supporting Files */ = {
			isa = PBXGroup;
			children = (
				403C38B6196E791600D94BC4 /* DeviceManagementSystemJoshOYTests-Info.plist */,
				403C38B7196E791600D94BC4 /* InfoPlist.strings */,
			);
			name = "Supporting Files";
			sourceTree = "<group>";
		};
		403C38C4196E862600D94BC4 /* ViewController */ = {
			isa = PBXGroup;
			children = (
				403C38EB196F851500D94BC4 /* joshoyDeviceDetailViewController.h */,
				403C38DB196F79F100D94BC4 /* joshoyDevicesTableViewController.h */,
				403C38DC196F79F100D94BC4 /* joshoyDevicesTableViewController.m */,
				403C38DE196F7A2A00D94BC4 /* joshoyDeviceRecordViewController.h */,
				403C38DF196F7A2A00D94BC4 /* joshoyDeviceRecordViewController.m */,
				403C38E9196F83BE00D94BC4 /* joshoyDeviceDetailViewController.m */,
			);
			name = ViewController;
			sourceTree = "<group>";
		};
		403C38C5196E863A00D94BC4 /* View */ = {
			isa = PBXGroup;
			children = (
				403C38EF196F878700D94BC4 /* joshoyDeviceTableViewCell.h */,
				403C38F0196F878700D94BC4 /* joshoyDeviceTableViewCell.m */,
			);
			name = View;
			sourceTree = "<group>";
		};
/* End PBXGroup section */

/* Begin PBXNativeTarget section */
		403C3888196E791600D94BC4 /* DeviceManagementSystemJoshOY */ = {
			isa = PBXNativeTarget;
			buildConfigurationList = 403C38BE196E791600D94BC4 /* Build configuration list for PBXNativeTarget "DeviceManagementSystemJoshOY" */;
			buildPhases = (
				403C3885196E791600D94BC4 /* Sources */,
				403C3886196E791600D94BC4 /* Frameworks */,
				403C3887196E791600D94BC4 /* Resources */,
			);
			buildRules = (
			);
			dependencies = (
			);
			name = DeviceManagementSystemJoshOY;
			productName = DeviceManagementSystemJoshOY;
			productReference = 403C3889196E791600D94BC4 /* DeviceManagementSystemJoshOY.app */;
			productType = "com.apple.product-type.application";
		};
		403C38AC196E791600D94BC4 /* DeviceManagementSystemJoshOYTests */ = {
			isa = PBXNativeTarget;
			buildConfigurationList = 403C38C1196E791600D94BC4 /* Build configuration list for PBXNativeTarget "DeviceManagementSystemJoshOYTests" */;
			buildPhases = (
				403C38A9196E791600D94BC4 /* Sources */,
				403C38AA196E791600D94BC4 /* Frameworks */,
				403C38AB196E791600D94BC4 /* Resources */,
			);
			buildRules = (
			);
			dependencies = (
				403C38B3196E791600D94BC4 /* PBXTargetDependency */,
			);
			name = DeviceManagementSystemJoshOYTests;
			productName = DeviceManagementSystemJoshOYTests;
			productReference = 403C38AD196E791600D94BC4 /* DeviceManagementSystemJoshOYTests.xctest */;
			productType = "com.apple.product-type.bundle.unit-test";
		};
/* End PBXNativeTarget section */

/* Begin PBXProject section */
		403C3881196E791600D94BC4 /* Project object */ = {
			isa = PBXProject;
			attributes = {
				CLASSPREFIX = joshoy;
				LastUpgradeCheck = 0510;
				ORGANIZATIONNAME = "Tongji Univ";
				TargetAttributes = {
					403C38AC196E791600D94BC4 = {
						TestTargetID = 403C3888196E791600D94BC4;
					};
				};
			};
			buildConfigurationList = 403C3884196E791600D94BC4 /* Build configuration list for PBXProject "DeviceManagementSystemJoshOY" */;
			compatibilityVersion = "Xcode 3.2";
			developmentRegion = English;
			hasScannedForEncodings = 0;
			knownRegions = (
				en,
				Base,
			);
			mainGroup = 403C3880196E791600D94BC4;
			productRefGroup = 403C388A196E791600D94BC4 /* Products */;
			projectDirPath = "";
			projectRoot = "";
			targets = (
				403C3888196E791600D94BC4 /* DeviceManagementSystemJoshOY */,
				403C38AC196E791600D94BC4 /* DeviceManagementSystemJoshOYTests */,
			);
		};
/* End PBXProject section */

/* Begin PBXResourcesBuildPhase section */
		403C3887196E791600D94BC4 /* Resources */ = {
			isa = PBXResourcesBuildPhase;
			buildActionMask = 2147483647;
			files = (
				403C38A8196E791600D94BC4 /* Images.xcassets in Resources */,
				403C3897196E791600D94BC4 /* InfoPlist.strings in Resources */,
				403C38A0196E791600D94BC4 /* Main.storyboard in Resources */,
			);
			runOnlyForDeploymentPostprocessing = 0;
		};
		403C38AB196E791600D94BC4 /* Resources */ = {
			isa = PBXResourcesBuildPhase;
			buildActionMask = 2147483647;
			files = (
				403C38B9196E791600D94BC4 /* InfoPlist.strings in Resources */,
			);
			runOnlyForDeploymentPostprocessing = 0;
		};
/* End PBXResourcesBuildPhase section */

/* Begin PBXSourcesBuildPhase section */
		403C3885196E791600D94BC4 /* Sources */ = {
			isa = PBXSourcesBuildPhase;
			buildActionMask = 2147483647;
			files = (
				403C38DD196F79F100D94BC4 /* joshoyDevicesTableViewController.m in Sources */,
				403C38F1196F878700D94BC4 /* joshoyDeviceTableViewCell.m in Sources */,
				403C389D196E791600D94BC4 /* joshoyAppDelegate.m in Sources */,
				403C38EA196F83BE00D94BC4 /* joshoyDeviceDetailViewController.m in Sources */,
				403C3899196E791600D94BC4 /* main.m in Sources */,
				403C38E0196F7A2A00D94BC4 /* joshoyDeviceRecordViewController.m in Sources */,
			);
			runOnlyForDeploymentPostprocessing = 0;
		};
		403C38A9196E791600D94BC4 /* Sources */ = {
			isa = PBXSourcesBuildPhase;
			buildActionMask = 2147483647;
			files = (
				403C38BB196E791600D94BC4 /* DeviceManagementSystemJoshOYTests.m in Sources */,
			);
			runOnlyForDeploymentPostprocessing = 0;
		};
/* End PBXSourcesBuildPhase section */

/* Begin PBXTargetDependency section */
		403C38B3196E791600D94BC4 /* PBXTargetDependency */ = {
			isa = PBXTargetDependency;
			target = 403C3888196E791600D94BC4 /* DeviceManagementSystemJoshOY */;
			targetProxy = 403C38B2196E791600D94BC4 /* PBXContainerItemProxy */;
		};
/* End PBXTargetDependency section */

/* Begin PBXVariantGroup section */
		403C3895196E791600D94BC4 /* InfoPlist.strings */ = {
			isa = PBXVariantGroup;
			children = (
				403C3896196E791600D94BC4 /* en */,
			);
			name = InfoPlist.strings;
			sourceTree = "<group>";
		};
		403C389E196E791600D94BC4 /* Main.storyboard */ = {
			isa = PBXVariantGroup;
			children = (
				403C389F196E791600D94BC4 /* Base */,
			);
			name = Main.storyboard;
			sourceTree = "<group>";
		};
		403C38B7196E791600D94BC4 /* InfoPlist.strings */ = {
			isa = PBXVariantGroup;
			children = (
				403C38B8196E791600D94BC4 /* en */,
			);
			name = InfoPlist.strings;
			sourceTree = "<group>";
		};
/* End PBXVariantGroup section */

/* Begin XCBuildConfiguration section */
		403C38BC196E791600D94BC4 /* Debug */ = {
			isa = XCBuildConfiguration;
			buildSettings = {
				ALWAYS_SEARCH_USER_PATHS = NO;
				CLANG_CXX_LANGUAGE_STANDARD = "gnu++0x";
				CLANG_CXX_LIBRARY = "libc++";
				CLANG_ENABLE_MODULES = YES;
				CLANG_ENABLE_OBJC_ARC = YES;
				CLANG_WARN_BOOL_CONVERSION = YES;
				CLANG_WARN_CONSTANT_CONVERSION = YES;
				CLANG_WARN_DIRECT_OBJC_ISA_USAGE = YES_ERROR;
				CLANG_WARN_EMPTY_BODY = YES;
				CLANG_WARN_ENUM_CONVERSION = YES;
				CLANG_WARN_INT_CONVERSION = YES;
				CLANG_WARN_OBJC_ROOT_CLASS = YES_ERROR;
				CLANG_WARN__DUPLICATE_METHOD_MATCH = YES;
				"CODE_SIGN_IDENTITY[sdk=iphoneos*]" = "iPhone Developer";
				COPY_PHASE_STRIP = NO;
				GCC_C_LANGUAGE_STANDARD = gnu99;
				GCC_DYNAMIC_NO_PIC = NO;
				GCC_OPTIMIZATION_LEVEL = 0;
				GCC_PREPROCESSOR_DEFINITIONS = (
					"DEBUG=1",
					"$(inherited)",
				);
				GCC_SYMBOLS_PRIVATE_EXTERN = NO;
				GCC_WARN_64_TO_32_BIT_CONVERSION = YES;
				GCC_WARN_ABOUT_RETURN_TYPE = YES_ERROR;
				GCC_WARN_UNDECLARED_SELECTOR = YES;
				GCC_WARN_UNINITIALIZED_AUTOS = YES_AGGRESSIVE;
				GCC_WARN_UNUSED_FUNCTION = YES;
				GCC_WARN_UNUSED_VARIABLE = YES;
				IPHONEOS_DEPLOYMENT_TARGET = 7.1;
				ONLY_ACTIVE_ARCH = YES;
				SDKROOT = iphoneos;
			};
			name = Debug;
		};
		403C38BD196E791600D94BC4 /* Release */ = {
			isa = XCBuildConfiguration;
			buildSettings = {
				ALWAYS_SEARCH_USER_PATHS = NO;
				CLANG_CXX_LANGUAGE_STANDARD = "gnu++0x";
				CLANG_CXX_LIBRARY = "libc++";
				CLANG_ENABLE_MODULES = YES;
				CLANG_ENABLE_OBJC_ARC = YES;
				CLANG_WARN_BOOL_CONVERSION = YES;
				CLANG_WARN_CONSTANT_CONVERSION = YES;
				CLANG_WARN_DIRECT_OBJC_ISA_USAGE = YES_ERROR;
				CLANG_WARN_EMPTY_BODY = YES;
				CLANG_WARN_ENUM_CONVERSION = YES;
				CLANG_WARN_INT_CONVERSION = YES;
				CLANG_WARN_OBJC_ROOT_CLASS = YES_ERROR;
				CLANG_WARN__DUPLICATE_METHOD_MATCH = YES;
				"CODE_SIGN_IDENTITY[sdk=iphoneos*]" = "iPhone Developer";
				COPY_PHASE_STRIP = YES;
				ENABLE_NS_ASSERTIONS = NO;
				GCC_C_LANGUAGE_STANDARD = gnu99;
				GCC_WARN_64_TO_32_BIT_CONVERSION = YES;
				GCC_WARN_ABOUT_RETURN_TYPE = YES_ERROR;
				GCC_WARN_UNDECLARED_SELECTOR = YES;
				GCC_WARN_UNINITIALIZED_AUTOS = YES_AGGRESSIVE;
				GCC_WARN_UNUSED_FUNCTION = YES;
				GCC_WARN_UNUSED_VARIABLE = YES;
				IPHONEOS_DEPLOYMENT_TARGET = 7.1;
				SDKROOT = iphoneos;
				VALIDATE_PRODUCT = YES;
			};
			name = Release;
		};
		403C38BF196E791600D94BC4 /* Debug */ = {
			isa = XCBuildConfiguration;
			buildSettings = {
				ASSETCATALOG_COMPILER_APPICON_NAME = AppIcon;
				ASSETCATALOG_COMPILER_LAUNCHIMAGE_NAME = LaunchImage;
				GCC_PRECOMPILE_PREFIX_HEADER = YES;
				GCC_PREFIX_HEADER = "DeviceManagementSystemJoshOY/DeviceManagementSystemJoshOY-Prefix.pch";
				INFOPLIST_FILE = "DeviceManagementSystemJoshOY/DeviceManagementSystemJoshOY-Info.plist";
				PRODUCT_NAME = "$(TARGET_NAME)";
				WRAPPER_EXTENSION = app;
			};
			name = Debug;
		};
		403C38C0196E791600D94BC4 /* Release */ = {
			isa = XCBuildConfiguration;
			buildSettings = {
				ASSETCATALOG_COMPILER_APPICON_NAME = AppIcon;
				ASSETCATALOG_COMPILER_LAUNCHIMAGE_NAME = LaunchImage;
				GCC_PRECOMPILE_PREFIX_HEADER = YES;
				GCC_PREFIX_HEADER = "DeviceManagementSystemJoshOY/DeviceManagementSystemJoshOY-Prefix.pch";
				INFOPLIST_FILE = "DeviceManagementSystemJoshOY/DeviceManagementSystemJoshOY-Info.plist";
				PRODUCT_NAME = "$(TARGET_NAME)";
				WRAPPER_EXTENSION = app;
			};
			name = Release;
		};
		403C38C2196E791600D94BC4 /* Debug */ = {
			isa = XCBuildConfiguration;
			buildSettings = {
				BUNDLE_LOADER = "$(BUILT_PRODUCTS_DIR)/DeviceManagementSystemJoshOY.app/DeviceManagementSystemJoshOY";
				FRAMEWORK_SEARCH_PATHS = (
					"$(SDKROOT)/Developer/Library/Frameworks",
					"$(inherited)",
					"$(DEVELOPER_FRAMEWORKS_DIR)",
				);
				GCC_PRECOMPILE_PREFIX_HEADER = YES;
				GCC_PREFIX_HEADER = "DeviceManagementSystemJoshOY/DeviceManagementSystemJoshOY-Prefix.pch";
				GCC_PREPROCESSOR_DEFINITIONS = (
					"DEBUG=1",
					"$(inherited)",
				);
				INFOPLIST_FILE = "DeviceManagementSystemJoshOYTests/DeviceManagementSystemJoshOYTests-Info.plist";
				PRODUCT_NAME = "$(TARGET_NAME)";
				TEST_HOST = "$(BUNDLE_LOADER)";
				WRAPPER_EXTENSION = xctest;
			};
			name = Debug;
		};
		403C38C3196E791600D94BC4 /* Release */ = {
			isa = XCBuildConfiguration;
			buildSettings = {
				BUNDLE_LOADER = "$(BUILT_PRODUCTS_DIR)/DeviceManagementSystemJoshOY.app/DeviceManagementSystemJoshOY";
				FRAMEWORK_SEARCH_PATHS = (
					"$(SDKROOT)/Developer/Library/Frameworks",
					"$(inherited)",
					"$(DEVELOPER_FRAMEWORKS_DIR)",
				);
				GCC_PRECOMPILE_PREFIX_HEADER = YES;
				GCC_PREFIX_HEADER = "DeviceManagementSystemJoshOY/DeviceManagementSystemJoshOY-Prefix.pch";
				INFOPLIST_FILE = "DeviceManagementSystemJoshOYTests/DeviceManagementSystemJoshOYTests-Info.plist";
				PRODUCT_NAME = "$(TARGET_NAME)";
				TEST_HOST = "$(BUNDLE_LOADER)";
				WRAPPER_EXTENSION = xctest;
			};
			name = Release;
		};
/* End XCBuildConfiguration section */

/* Begin XCConfigurationList section */
		403C3884196E791600D94BC4 /* Build configuration list for PBXProject "DeviceManagementSystemJoshOY" */ = {
			isa = XCConfigurationList;
			buildConfigurations = (
				403C38BC196E791600D94BC4 /* Debug */,
				403C38BD196E791600D94BC4 /* Release */,
			);
			defaultConfigurationIsVisible = 0;
			defaultConfigurationName = Release;
		};
		403C38BE196E791600D94BC4 /* Build configuration list for PBXNativeTarget "DeviceManagementSystemJoshOY" */ = {
			isa = XCConfigurationList;
			buildConfigurations = (
				403C38BF196E791600D94BC4 /* Debug */,
				403C38C0196E791600D94BC4 /* Release */,
			);
			defaultConfigurationIsVisible = 0;
			defaultConfigurationName = Release;
		};
		403C38C1196E791600D94BC4 /* Build configuration list for PBXNativeTarget "DeviceManagementSystemJoshOYTests" */ = {
			isa = XCConfigurationList;
			buildConfigurations = (
				403C38C2196E791600D94BC4 /* Debug */,
				403C38C3196E791600D94BC4 /* Release */,
			);
			defaultConfigurationIsVisible = 0;
			defaultConfigurationName = Release;
		};
/* End XCConfigurationList section */
	};
	rootObject = 403C3881196E791600D94BC4 /* Project object */;
}
